
Microsoft Visual Studio Solution File, Format Version 12.00
# Visual Studio Version 17
VisualStudioVersion = 17.0.32112.339
MinimumVisualStudioVersion = 10.0.40219.1
Project("{FAE04EC0-301F-11D3-BF4B-00C04F79EFBC}") = "KyrylinDateLab01", "KyrylinDateLab01\KyrylinDateLab01.csproj", "{E3B1193C-3509-4656-A47E-2B5282FAC84C}"
EndProject
Global
	GlobalSection(SolutionConfigurationPlatforms) = preSolution
		Debug|Any CPU = Debug|Any CPU
		Release|Any CPU = Release|Any CPU
	EndGlobalSection
	GlobalSection(ProjectConfigurationPlatforms) = postSolution
		{E3B1193C-3509-4656-A47E-2B5282FAC84C}.Debug|Any CPU.ActiveCfg = Debug|Any CPU
		{E3B1193C-3509-4656-A47E-2B5282FAC84C}.Debug|Any CPU.Build.0 = Debug|Any CPU
		{E3B1193C-3509-4656-A47E-2B5282FAC84C}.Release|Any CPU.ActiveCfg = Release|Any CPU
		{E3B1193C-3509-4656-A47E-2B5282FAC84C}.Release|Any CPU.Build.0 = Release|Any CPU
	EndGlobalSection
	GlobalSection(SolutionProperties) = preSolution
		HideSolutionNode = FALSE
	EndGlobalSection
	GlobalSection(ExtensibilityGlobals) = postSolution
		SolutionGuid = {016F3792-4853-4A20-ADD2-E800CB866BDC}
	EndGlobalSection
EndGlobal
